
Microsoft Visual Studio Solution File, Format Version 12.00
# Visual Studio 15
VisualStudioVersion = 15.0.27428.2015
MinimumVisualStudioVersion = 10.0.40219.1
Project("{FAE04EC0-301F-11D3-BF4B-00C04F79EFBC}") = "OpenPlatform.Web", "OpenPlatform.Web\OpenPlatform.Web.csproj", "{89E6EFDD-3CCF-4199-B045-E382AB25A90C}"
EndProject
Project("{FAE04EC0-301F-11D3-BF4B-00C04F79EFBC}") = "OpenPlatform.Tool", "OpenPlatform.Tool\OpenPlatform.Tool.csproj", "{0F36C3EA-70A7-4960-B46A-F4200F2C9504}"
EndProject
Project("{FAE04EC0-301F-11D3-BF4B-00C04F79EFBC}") = "EFTest", "EFTest\EFTest.csproj", "{F252539C-842C-4343-8B7B-A0CB78D26E25}"
EndProject
Project("{FAE04EC0-301F-11D3-BF4B-00C04F79EFBC}") = "EntityFramework.Utilities", "EntityFramework.Utilities\EntityFramework.Utilities.csproj", "{C3211BAC-13F0-42A7-924C-34BB0EE77914}"
EndProject
Global
	GlobalSection(SolutionConfigurationPlatforms) = preSolution
		Debug|Any CPU = Debug|Any CPU
		Release|Any CPU = Release|Any CPU
	EndGlobalSection
	GlobalSection(ProjectConfigurationPlatforms) = postSolution
		{89E6EFDD-3CCF-4199-B045-E382AB25A90C}.Debug|Any CPU.ActiveCfg = Debug|Any CPU
		{89E6EFDD-3CCF-4199-B045-E382AB25A90C}.Debug|Any CPU.Build.0 = Debug|Any CPU
		{89E6EFDD-3CCF-4199-B045-E382AB25A90C}.Release|Any CPU.ActiveCfg = Release|Any CPU
		{89E6EFDD-3CCF-4199-B045-E382AB25A90C}.Release|Any CPU.Build.0 = Release|Any CPU
		{0F36C3EA-70A7-4960-B46A-F4200F2C9504}.Debug|Any CPU.ActiveCfg = Debug|Any CPU
		{0F36C3EA-70A7-4960-B46A-F4200F2C9504}.Debug|Any CPU.Build.0 = Debug|Any CPU
		{0F36C3EA-70A7-4960-B46A-F4200F2C9504}.Release|Any CPU.ActiveCfg = Release|Any CPU
		{0F36C3EA-70A7-4960-B46A-F4200F2C9504}.Release|Any CPU.Build.0 = Release|Any CPU
		{F252539C-842C-4343-8B7B-A0CB78D26E25}.Debug|Any CPU.ActiveCfg = Debug|Any CPU
		{F252539C-842C-4343-8B7B-A0CB78D26E25}.Debug|Any CPU.Build.0 = Debug|Any CPU
		{F252539C-842C-4343-8B7B-A0CB78D26E25}.Release|Any CPU.ActiveCfg = Release|Any CPU
		{F252539C-842C-4343-8B7B-A0CB78D26E25}.Release|Any CPU.Build.0 = Release|Any CPU
		{C3211BAC-13F0-42A7-924C-34BB0EE77914}.Debug|Any CPU.ActiveCfg = Debug|Any CPU
		{C3211BAC-13F0-42A7-924C-34BB0EE77914}.Debug|Any CPU.Build.0 = Debug|Any CPU
		{C3211BAC-13F0-42A7-924C-34BB0EE77914}.Release|Any CPU.ActiveCfg = Release|Any CPU
		{C3211BAC-13F0-42A7-924C-34BB0EE77914}.Release|Any CPU.Build.0 = Release|Any CPU
	EndGlobalSection
	GlobalSection(SolutionProperties) = preSolution
		HideSolutionNode = FALSE
	EndGlobalSection
	GlobalSection(ExtensibilityGlobals) = postSolution
		SolutionGuid = {FA279492-5040-4B2A-B6AE-F6976EC98A32}
	EndGlobalSection
EndGlobal
